{
  "originHash" : "11522d0763d284531f44e3a470338db00741f4fb7ea43cffd3c9c347fe676bf6",
  "pins" : [
    {
      "identity" : "midikit",
      "kind" : "remoteSourceControl",
      "location" : "https://github.com/orchetect/MIDIKit.git",
      "state" : {
        "revision" : "5af7926114fab97a9dd8c3e2068e0f9c65c1c20f",
        "version" : "0.11.0"
      }
    },
    {
      "identity" : "swift-timecode",
      "kind" : "remoteSourceControl",
      "location" : "https://github.com/orchetect/swift-timecode",
      "state" : {
        "revision" : "f9a9e88c8e4c38b1b29d3db8130e1f07112e8b9e",
        "version" : "3.0.0"
      }
    },
    {
      "identity" : "swiftui-introspect",
      "kind" : "remoteSourceControl",
      "location" : "https://github.com/siteline/swiftui-introspect",
      "state" : {
        "revision" : "a08b87f96b41055577721a6e397562b21ad52454",
        "version" : "26.0.0"
      }
    }
  ],
  "version" : 3
}
