// !$*UTF8*$!
{
	archiveVersion = 1;
	classes = {
	};
	objectVersion = 77;
	objects = {

/* Begin PBXBuildFile section */
		9E705DA22F3FA97D006DA1D1 /* choir-arranger-ico.icon in Resources */ = {isa = PBXBuildFile; fileRef = 9E705DA12F3FA97D006DA1D1 /* choir-arranger-ico.icon */; };
		9EF59E0E2F3F9C9700DF09C6 /* MIDIKit in Frameworks */ = {isa = PBXBuildFile; productRef = 9EF59E0D2F3F9C9700DF09C6 /* MIDIKit */; };
		9EF59E102F3F9C9800DF09C6 /* SwiftUIIntrospect in Frameworks */ = {isa = PBXBuildFile; productRef = 9EF59E0F2F3F9C9800DF09C6 /* SwiftUIIntrospect */; };
/* End PBXBuildFile section */

/* Begin PBXContainerItemProxy section */
		9EF59DC72F3F9A9400DF09C6 /* PBXContainerItemProxy */ = {
			isa = PBXContainerItemProxy;
			containerPortal = 9EF59DB12F3F9A9300DF09C6 /* Project object */;
			proxyType = 1;
			remoteGlobalIDString = 9EF59DB82F3F9A9300DF09C6;
			remoteInfo = "Choir Arranger";
		};
		9EF59DD12F3F9A9400DF09C6 /* PBXContainerItemProxy */ = {
			isa = PBXContainerItemProxy;
			containerPortal = 9EF59DB12F3F9A9300DF09C6 /* Project object */;
			proxyType = 1;
			remoteGlobalIDString = 9EF59DB82F3F9A9300DF09C6;
			remoteInfo = "Choir Arranger";
		};
/* End PBXContainerItemProxy section */

/* Begin PBXFileReference section */
		9E705DA12F3FA97D006DA1D1 /* choir-arranger-ico.icon */ = {isa = PBXFileReference; lastKnownFileType = folder.iconcomposer.icon; path = "choir-arranger-ico.icon"; sourceTree = "<group>"; };
		9EF59DB92F3F9A9300DF09C6 /* Choir Arranger.app */ = {isa = PBXFileReference; explicitFileType = wrapper.application; includeInIndex = 0; path = "Choir Arranger.app"; sourceTree = BUILT_PRODUCTS_DIR; };
		9EF59DC62F3F9A9400DF09C6 /* Choir ArrangerTests.xctest */ = {isa = PBXFileReference; explicitFileType = wrapper.cfbundle; includeInIndex = 0; path = "Choir ArrangerTests.xctest"; sourceTree = BUILT_PRODUCTS_DIR; };
		9EF59DD02F3F9A9400DF09C6 /* Choir ArrangerUITests.xctest */ = {isa = PBXFileReference; explicitFileType = wrapper.cfbundle; includeInIndex = 0; path = "Choir ArrangerUITests.xctest"; sourceTree = BUILT_PRODUCTS_DIR; };
/* End PBXFileReference section */

/* Begin PBXFileSystemSynchronizedRootGroup section */
		9EF59DBB2F3F9A9300DF09C6 /* Choir Arranger */ = {
			isa = PBXFileSystemSynchronizedRootGroup;
			path = "Choir Arranger";
			sourceTree = "<group>";
		};
		9EF59DC92F3F9A9400DF09C6 /* Choir ArrangerTests */ = {
			isa = PBXFileSystemSynchronizedRootGroup;
			path = "Choir ArrangerTests";
			sourceTree = "<group>";
		};
		9EF59DD32F3F9A9400DF09C6 /* Choir ArrangerUITests */ = {
			isa = PBXFileSystemSynchronizedRootGroup;
			path = "Choir ArrangerUITests";
			sourceTree = "<group>";
		};
/* End PBXFileSystemSynchronizedRootGroup section */

/* Begin PBXFrameworksBuildPhase section */
		9EF59DB62F3F9A9300DF09C6 /* Frameworks */ = {
			isa = PBXFrameworksBuildPhase;
			buildActionMask = 2147483647;
			files = (
				9EF59E0E2F3F9C9700DF09C6 /* MIDIKit in Frameworks */,
				9EF59E102F3F9C9800DF09C6 /* SwiftUIIntrospect in Frameworks */,
			);
			runOnlyForDeploymentPostprocessing = 0;
		};
		9EF59DC32F3F9A9400DF09C6 /* Frameworks */ = {
			isa = PBXFrameworksBuildPhase;
			buildActionMask = 2147483647;
			files = (
			);
			runOnlyForDeploymentPostprocessing = 0;
		};
		9EF59DCD2F3F9A9400DF09C6 /* Frameworks */ = {
			isa = PBXFrameworksBuildPhase;
			buildActionMask = 2147483647;
			files = (
			);
			runOnlyForDeploymentPostprocessing = 0;
		};
/* End PBXFrameworksBuildPhase section */

/* Begin PBXGroup section */
		9EF59DB02F3F9A9300DF09C6 = {
			isa = PBXGroup;
			children = (
				9EF59DBB2F3F9A9300DF09C6 /* Choir Arranger */,
				9EF59DC92F3F9A9400DF09C6 /* Choir ArrangerTests */,
				9EF59DD32F3F9A9400DF09C6 /* Choir ArrangerUITests */,
				9EF59E0C2F3F9C9700DF09C6 /* Frameworks */,
				9EF59DBA2F3F9A9300DF09C6 /* Products */,
				9E705DA12F3FA97D006DA1D1 /* choir-arranger-ico.icon */,
			);
			sourceTree = "<group>";
		};
		9EF59DBA2F3F9A9300DF09C6 /* Products */ = {
			isa = PBXGroup;
			children = (
				9EF59DB92F3F9A9300DF09C6 /* Choir Arranger.app */,
				9EF59DC62F3F9A9400DF09C6 /* Choir ArrangerTests.xctest */,
				9EF59DD02F3F9A9400DF09C6 /* Choir ArrangerUITests.xctest */,
			);
			name = Products;
			sourceTree = "<group>";
		};
		9EF59E0C2F3F9C9700DF09C6 /* Frameworks */ = {
			isa = PBXGroup;
			children = (
			);
			name = Frameworks;
			sourceTree = "<group>";
		};
/* End PBXGroup section */

/* Begin PBXNativeTarget section */
		9EF59DB82F3F9A9300DF09C6 /* Choir Arranger */ = {
			isa = PBXNativeTarget;
			buildConfigurationList = 9EF59DDA2F3F9A9400DF09C6 /* Build configuration list for PBXNativeTarget "Choir Arranger" */;
			buildPhases = (
				9EF59DB52F3F9A9300DF09C6 /* Sources */,
				9EF59DB62F3F9A9300DF09C6 /* Frameworks */,
				9EF59DB72F3F9A9300DF09C6 /* Resources */,
			);
			buildRules = (
			);
			dependencies = (
			);
			fileSystemSynchronizedGroups = (
				9EF59DBB2F3F9A9300DF09C6 /* Choir Arranger */,
			);
			name = "Choir Arranger";
			packageProductDependencies = (
				9EF59E0D2F3F9C9700DF09C6 /* MIDIKit */,
				9EF59E0F2F3F9C9800DF09C6 /* SwiftUIIntrospect */,
			);
			productName = "Choir Arranger";
			productReference = 9EF59DB92F3F9A9300DF09C6 /* Choir Arranger.app */;
			productType = "com.apple.product-type.application";
		};
		9EF59DC52F3F9A9400DF09C6 /* Choir ArrangerTests */ = {
			isa = PBXNativeTarget;
			buildConfigurationList = 9EF59DDD2F3F9A9400DF09C6 /* Build configuration list for PBXNativeTarget "Choir ArrangerTests" */;
			buildPhases = (
				9EF59DC22F3F9A9400DF09C6 /* Sources */,
				9EF59DC32F3F9A9400DF09C6 /* Frameworks */,
				9EF59DC42F3F9A9400DF09C6 /* Resources */,
			);
			buildRules = (
			);
			dependencies = (
				9EF59DC82F3F9A9400DF09C6 /* PBXTargetDependency */,
			);
			fileSystemSynchronizedGroups = (
				9EF59DC92F3F9A9400DF09C6 /* Choir ArrangerTests */,
			);
			name = "Choir ArrangerTests";
			packageProductDependencies = (
			);
			productName = "Choir ArrangerTests";
			productReference = 9EF59DC62F3F9A9400DF09C6 /* Choir ArrangerTests.xctest */;
			productType = "com.apple.product-type.bundle.unit-test";
		};
		9EF59DCF2F3F9A9400DF09C6 /* Choir ArrangerUITests */ = {
			isa = PBXNativeTarget;
			buildConfigurationList = 9EF59DE02F3F9A9400DF09C6 /* Build configuration list for PBXNativeTarget "Choir ArrangerUITests" */;
			buildPhases = (
				9EF59DCC2F3F9A9400DF09C6 /* Sources */,
				9EF59DCD2F3F9A9400DF09C6 /* Frameworks */,
				9EF59DCE2F3F9A9400DF09C6 /* Resources */,
			);
			buildRules = (
			);
			dependencies = (
				9EF59DD22F3F9A9400DF09C6 /* PBXTargetDependency */,
			);
			fileSystemSynchronizedGroups = (
				9EF59DD32F3F9A9400DF09C6 /* Choir ArrangerUITests */,
			);
			name = "Choir ArrangerUITests";
			packageProductDependencies = (
			);
			productName = "Choir ArrangerUITests";
			productReference = 9EF59DD02F3F9A9400DF09C6 /* Choir ArrangerUITests.xctest */;
			productType = "com.apple.product-type.bundle.ui-testing";
		};
/* End PBXNativeTarget section */

/* Begin PBXProject section */
		9EF59DB12F3F9A9300DF09C6 /* Project object */ = {
			isa = PBXProject;
			attributes = {
				BuildIndependentTargetsInParallel = 1;
				LastSwiftUpdateCheck = 2620;
				LastUpgradeCheck = 2620;
				TargetAttributes = {
					9EF59DB82F3F9A9300DF09C6 = {
						CreatedOnToolsVersion = 26.2;
					};
					9EF59DC52F3F9A9400DF09C6 = {
						CreatedOnToolsVersion = 26.2;
						TestTargetID = 9EF59DB82F3F9A9300DF09C6;
					};
					9EF59DCF2F3F9A9400DF09C6 = {
						CreatedOnToolsVersion = 26.2;
						TestTargetID = 9EF59DB82F3F9A9300DF09C6;
					};
				};
			};
			buildConfigurationList = 9EF59DB42F3F9A9300DF09C6 /* Build configuration list for PBXProject "Choir Arranger" */;
			developmentRegion = en;
			hasScannedForEncodings = 0;
			knownRegions = (
				en,
				Base,
			);
			mainGroup = 9EF59DB02F3F9A9300DF09C6;
			minimizedProjectReferenceProxies = 1;
			packageReferences = (
				9EF59E0B2F3F9C3A00DF09C6 /* XCRemoteSwiftPackageReference "MIDIKit" */,
				9EF59E112F3F9C9800DF09C6 /* XCRemoteSwiftPackageReference "swiftui-introspect" */,
			);
			preferredProjectObjectVersion = 77;
			productRefGroup = 9EF59DBA2F3F9A9300DF09C6 /* Products */;
			projectDirPath = "";
			projectRoot = "";
			targets = (
				9EF59DB82F3F9A9300DF09C6 /* Choir Arranger */,
				9EF59DC52F3F9A9400DF09C6 /* Choir ArrangerTests */,
				9EF59DCF2F3F9A9400DF09C6 /* Choir ArrangerUITests */,
			);
		};
/* End PBXProject section */

/* Begin PBXResourcesBuildPhase section */
		9EF59DB72F3F9A9300DF09C6 /* Resources */ = {
			isa = PBXResourcesBuildPhase;
			buildActionMask = 2147483647;
			files = (
				9E705DA22F3FA97D006DA1D1 /* choir-arranger-ico.icon in Resources */,
			);
			runOnlyForDeploymentPostprocessing = 0;
		};
		9EF59DC42F3F9A9400DF09C6 /* Resources */ = {
			isa = PBXResourcesBuildPhase;
			buildActionMask = 2147483647;
			files = (
			);
			runOnlyForDeploymentPostprocessing = 0;
		};
		9EF59DCE2F3F9A9400DF09C6 /* Resources */ = {
			isa = PBXResourcesBuildPhase;
			buildActionMask = 2147483647;
			files = (
			);
			runOnlyForDeploymentPostprocessing = 0;
		};
/* End PBXResourcesBuildPhase section */

/* Begin PBXSourcesBuildPhase section */
		9EF59DB52F3F9A9300DF09C6 /* Sources */ = {
			isa = PBXSourcesBuildPhase;
			buildActionMask = 2147483647;
			files = (
			);
			runOnlyForDeploymentPostprocessing = 0;
		};
		9EF59DC22F3F9A9400DF09C6 /* Sources */ = {
			isa = PBXSourcesBuildPhase;
			buildActionMask = 2147483647;
			files = (
			);
			runOnlyForDeploymentPostprocessing = 0;
		};
		9EF59DCC2F3F9A9400DF09C6 /* Sources */ = {
			isa = PBXSourcesBuildPhase;
			buildActionMask = 2147483647;
			files = (
			);
			runOnlyForDeploymentPostprocessing = 0;
		};
/* End PBXSourcesBuildPhase section */

/* Begin PBXTargetDependency section */
		9EF59DC82F3F9A9400DF09C6 /* PBXTargetDependency */ = {
			isa = PBXTargetDependency;
			target = 9EF59DB82F3F9A9300DF09C6 /* Choir Arranger */;
			targetProxy = 9EF59DC72F3F9A9400DF09C6 /* PBXContainerItemProxy */;
		};
		9EF59DD22F3F9A9400DF09C6 /* PBXTargetDependency */ = {
			isa = PBXTargetDependency;
			target = 9EF59DB82F3F9A9300DF09C6 /* Choir Arranger */;
			targetProxy = 9EF59DD12F3F9A9400DF09C6 /* PBXContainerItemProxy */;
		};
/* End PBXTargetDependency section */

/* Begin XCBuildConfiguration section */
		9EF59DD82F3F9A9400DF09C6 /* Debug */ = {
			isa = XCBuildConfiguration;
			buildSettings = {
				ALWAYS_SEARCH_USER_PATHS = NO;
				ASSETCATALOG_COMPILER_GENERATE_SWIFT_ASSET_SYMBOL_EXTENSIONS = YES;
				CLANG_ANALYZER_NONNULL = YES;
				CLANG_ANALYZER_NUMBER_OBJECT_CONVERSION = YES_AGGRESSIVE;
				CLANG_CXX_LANGUAGE_STANDARD = "gnu++20";
				CLANG_ENABLE_MODULES = YES;
				CLANG_ENABLE_OBJC_ARC = YES;
				CLANG_ENABLE_OBJC_WEAK = YES;
				CLANG_WARN_BLOCK_CAPTURE_AUTORELEASING = YES;
				CLANG_WARN_BOOL_CONVERSION = YES;
				CLANG_WARN_COMMA = YES;
				CLANG_WARN_CONSTANT_CONVERSION = YES;
				CLANG_WARN_DEPRECATED_OBJC_IMPLEMENTATIONS = YES;
				CLANG_WARN_DIRECT_OBJC_ISA_USAGE = YES_ERROR;
				CLANG_WARN_DOCUMENTATION_COMMENTS = YES;
				CLANG_WARN_EMPTY_BODY = YES;
				CLANG_WARN_ENUM_CONVERSION = YES;
				CLANG_WARN_INFINITE_RECURSION = YES;
				CLANG_WARN_INT_CONVERSION = YES;
				CLANG_WARN_NON_LITERAL_NULL_CONVERSION = YES;
				CLANG_WARN_OBJC_IMPLICIT_RETAIN_SELF = YES;
				CLANG_WARN_OBJC_LITERAL_CONVERSION = YES;
				CLANG_WARN_OBJC_ROOT_CLASS = YES_ERROR;
				CLANG_WARN_QUOTED_INCLUDE_IN_FRAMEWORK_HEADER = YES;
				CLANG_WARN_RANGE_LOOP_ANALYSIS = YES;
				CLANG_WARN_STRICT_PROTOTYPES = YES;
				CLANG_WARN_SUSPICIOUS_MOVE = YES;
				CLANG_WARN_UNGUARDED_AVAILABILITY = YES_AGGRESSIVE;
				CLANG_WARN_UNREACHABLE_CODE = YES;
				CLANG_WARN__DUPLICATE_METHOD_MATCH = YES;
				COPY_PHASE_STRIP = NO;
				DEBUG_INFORMATION_FORMAT = dwarf;
				DEVELOPMENT_TEAM = 6E5CFN69H5;
				ENABLE_STRICT_OBJC_MSGSEND = YES;
				ENABLE_TESTABILITY = YES;
				ENABLE_USER_SCRIPT_SANDBOXING = YES;
				GCC_C_LANGUAGE_STANDARD = gnu17;
				GCC_DYNAMIC_NO_PIC = NO;
				GCC_NO_COMMON_BLOCKS = YES;
				GCC_OPTIMIZATION_LEVEL = 0;
				GCC_PREPROCESSOR_DEFINITIONS = (
					"DEBUG=1",
					"$(inherited)",
				);
				GCC_WARN_64_TO_32_BIT_CONVERSION = YES;
				GCC_WARN_ABOUT_RETURN_TYPE = YES_ERROR;
				GCC_WARN_UNDECLARED_SELECTOR = YES;
				GCC_WARN_UNINITIALIZED_AUTOS = YES_AGGRESSIVE;
				GCC_WARN_UNUSED_FUNCTION = YES;
				GCC_WARN_UNUSED_VARIABLE = YES;
				LOCALIZATION_PREFERS_STRING_CATALOGS = YES;
				MACOSX_DEPLOYMENT_TARGET = 26.0;
				MTL_ENABLE_DEBUG_INFO = INCLUDE_SOURCE;
				MTL_FAST_MATH = YES;
				ONLY_ACTIVE_ARCH = YES;
				SDKROOT = macosx;
				SWIFT_ACTIVE_COMPILATION_CONDITIONS = "DEBUG $(inherited)";
				SWIFT_OPTIMIZATION_LEVEL = "-Onone";
			};
			name = Debug;
		};
		9EF59DD92F3F9A9400DF09C6 /* Release */ = {
			isa = XCBuildConfiguration;
			buildSettings = {
				ALWAYS_SEARCH_USER_PATHS = NO;
				ASSETCATALOG_COMPILER_GENERATE_SWIFT_ASSET_SYMBOL_EXTENSIONS = YES;
				CLANG_ANALYZER_NONNULL = YES;
				CLANG_ANALYZER_NUMBER_OBJECT_CONVERSION = YES_AGGRESSIVE;
				CLANG_CXX_LANGUAGE_STANDARD = "gnu++20";
				CLANG_ENABLE_MODULES = YES;
				CLANG_ENABLE_OBJC_ARC = YES;
				CLANG_ENABLE_OBJC_WEAK = YES;
				CLANG_WARN_BLOCK_CAPTURE_AUTORELEASING = YES;
				CLANG_WARN_BOOL_CONVERSION = YES;
				CLANG_WARN_COMMA = YES;
				CLANG_WARN_CONSTANT_CONVERSION = YES;
				CLANG_WARN_DEPRECATED_OBJC_IMPLEMENTATIONS = YES;
				CLANG_WARN_DIRECT_OBJC_ISA_USAGE = YES_ERROR;
				CLANG_WARN_DOCUMENTATION_COMMENTS = YES;
				CLANG_WARN_EMPTY_BODY = YES;
				CLANG_WARN_ENUM_CONVERSION = YES;
				CLANG_WARN_INFINITE_RECURSION = YES;
				CLANG_WARN_INT_CONVERSION = YES;
				CLANG_WARN_NON_LITERAL_NULL_CONVERSION = YES;
				CLANG_WARN_OBJC_IMPLICIT_RETAIN_SELF = YES;
				CLANG_WARN_OBJC_LITERAL_CONVERSION = YES;
				CLANG_WARN_OBJC_ROOT_CLASS = YES_ERROR;
				CLANG_WARN_QUOTED_INCLUDE_IN_FRAMEWORK_HEADER = YES;
				CLANG_WARN_RANGE_LOOP_ANALYSIS = YES;
				CLANG_WARN_STRICT_PROTOTYPES = YES;
				CLANG_WARN_SUSPICIOUS_MOVE = YES;
				CLANG_WARN_UNGUARDED_AVAILABILITY = YES_AGGRESSIVE;
				CLANG_WARN_UNREACHABLE_CODE = YES;
				CLANG_WARN__DUPLICATE_METHOD_MATCH = YES;
				COPY_PHASE_STRIP = NO;
				DEBUG_INFORMATION_FORMAT = "dwarf-with-dsym";
				DEVELOPMENT_TEAM = 6E5CFN69H5;
				ENABLE_NS_ASSERTIONS = NO;
				ENABLE_STRICT_OBJC_MSGSEND = YES;
				ENABLE_USER_SCRIPT_SANDBOXING = YES;
				GCC_C_LANGUAGE_STANDARD = gnu17;
				GCC_NO_COMMON_BLOCKS = YES;
				GCC_WARN_64_TO_32_BIT_CONVERSION = YES;
				GCC_WARN_ABOUT_RETURN_TYPE = YES_ERROR;
				GCC_WARN_UNDECLARED_SELECTOR = YES;
				GCC_WARN_UNINITIALIZED_AUTOS = YES_AGGRESSIVE;
				GCC_WARN_UNUSED_FUNCTION = YES;
				GCC_WARN_UNUSED_VARIABLE = YES;
				LOCALIZATION_PREFERS_STRING_CATALOGS = YES;
				MACOSX_DEPLOYMENT_TARGET = 26.0;
				MTL_ENABLE_DEBUG_INFO = NO;
				MTL_FAST_MATH = YES;
				SDKROOT = macosx;
				SWIFT_COMPILATION_MODE = wholemodule;
			};
			name = Release;
		};
		9EF59DDB2F3F9A9400DF09C6 /* Debug */ = {
			isa = XCBuildConfiguration;
			buildSettings = {
				ASSETCATALOG_COMPILER_APPICON_NAME = "choir-arranger-ico";
				ASSETCATALOG_COMPILER_GLOBAL_ACCENT_COLOR_NAME = AccentColor;
				ASSETCATALOG_COMPILER_STANDALONE_ICON_BEHAVIOR = all;
				CODE_SIGN_STYLE = Automatic;
				COMBINE_HIDPI_IMAGES = YES;
				CURRENT_PROJECT_VERSION = 1;
				DEVELOPMENT_TEAM = 6E5CFN69H5;
				ENABLE_APP_SANDBOX = NO;
				ENABLE_HARDENED_RUNTIME = YES;
				ENABLE_PREVIEWS = YES;
				ENABLE_USER_SELECTED_FILES = readonly;
				GENERATE_INFOPLIST_FILE = YES;
				INFOPLIST_KEY_LSApplicationCategoryType = "public.app-category.music";
				INFOPLIST_KEY_NSBluetoothAlwaysUsageDescription = "This app uses Bluetooth to connect to Teenage Engineering Choir dolls for MIDI control.";
				INFOPLIST_KEY_NSHumanReadableCopyright = "";
				LD_RUNPATH_SEARCH_PATHS = (
					"$(inherited)",
					"@executable_path/../Frameworks",
				);
				MARKETING_VERSION = 1.0;
				PRODUCT_BUNDLE_IDENTIFIER = "dderuntz.Choir-Arranger";
				PRODUCT_NAME = "$(TARGET_NAME)";
				REGISTER_APP_GROUPS = YES;
				STRING_CATALOG_GENERATE_SYMBOLS = YES;
				SWIFT_APPROACHABLE_CONCURRENCY = YES;
				SWIFT_DEFAULT_ACTOR_ISOLATION = nonisolated;
				SWIFT_EMIT_LOC_STRINGS = YES;
				SWIFT_UPCOMING_FEATURE_MEMBER_IMPORT_VISIBILITY = YES;
				SWIFT_VERSION = 5.0;
			};
			name = Debug;
		};
		9EF59DDC2F3F9A9400DF09C6 /* Release */ = {
			isa = XCBuildConfiguration;
			buildSettings = {
				ASSETCATALOG_COMPILER_APPICON_NAME = "choir-arranger-ico";
				ASSETCATALOG_COMPILER_GLOBAL_ACCENT_COLOR_NAME = AccentColor;
				ASSETCATALOG_COMPILER_STANDALONE_ICON_BEHAVIOR = all;
				CODE_SIGN_STYLE = Automatic;
				COMBINE_HIDPI_IMAGES = YES;
				CURRENT_PROJECT_VERSION = 1;
				DEVELOPMENT_TEAM = 6E5CFN69H5;
				ENABLE_APP_SANDBOX = NO;
				ENABLE_HARDENED_RUNTIME = YES;
				ENABLE_PREVIEWS = YES;
				ENABLE_USER_SELECTED_FILES = readonly;
				GENERATE_INFOPLIST_FILE = YES;
				INFOPLIST_KEY_LSApplicationCategoryType = "public.app-category.music";
				INFOPLIST_KEY_NSBluetoothAlwaysUsageDescription = "This app uses Bluetooth to connect to Teenage Engineering Choir dolls for MIDI control.";
				INFOPLIST_KEY_NSHumanReadableCopyright = "";
				LD_RUNPATH_SEARCH_PATHS = (
					"$(inherited)",
					"@executable_path/../Frameworks",
				);
				MARKETING_VERSION = 1.0;
				PRODUCT_BUNDLE_IDENTIFIER = "dderuntz.Choir-Arranger";
				PRODUCT_NAME = "$(TARGET_NAME)";
				REGISTER_APP_GROUPS = YES;
				STRING_CATALOG_GENERATE_SYMBOLS = YES;
				SWIFT_APPROACHABLE_CONCURRENCY = YES;
				SWIFT_DEFAULT_ACTOR_ISOLATION = nonisolated;
				SWIFT_EMIT_LOC_STRINGS = YES;
				SWIFT_UPCOMING_FEATURE_MEMBER_IMPORT_VISIBILITY = YES;
				SWIFT_VERSION = 5.0;
			};
			name = Release;
		};
		9EF59DDE2F3F9A9400DF09C6 /* Debug */ = {
			isa = XCBuildConfiguration;
			buildSettings = {
				BUNDLE_LOADER = "$(TEST_HOST)";
				CODE_SIGN_STYLE = Automatic;
				CURRENT_PROJECT_VERSION = 1;
				DEVELOPMENT_TEAM = 6E5CFN69H5;
				GENERATE_INFOPLIST_FILE = YES;
				MACOSX_DEPLOYMENT_TARGET = 26.0;
				MARKETING_VERSION = 1.0;
				PRODUCT_BUNDLE_IDENTIFIER = "dderuntz.Choir-ArrangerTests";
				PRODUCT_NAME = "$(TARGET_NAME)";
				STRING_CATALOG_GENERATE_SYMBOLS = NO;
				SWIFT_APPROACHABLE_CONCURRENCY = YES;
				SWIFT_EMIT_LOC_STRINGS = NO;
				SWIFT_UPCOMING_FEATURE_MEMBER_IMPORT_VISIBILITY = YES;
				SWIFT_VERSION = 5.0;
				TEST_HOST = "$(BUILT_PRODUCTS_DIR)/Choir Arranger.app/$(BUNDLE_EXECUTABLE_FOLDER_PATH)/Choir Arranger";
			};
			name = Debug;
		};
		9EF59DDF2F3F9A9400DF09C6 /* Release */ = {
			isa = XCBuildConfiguration;
			buildSettings = {
				BUNDLE_LOADER = "$(TEST_HOST)";
				CODE_SIGN_STYLE = Automatic;
				CURRENT_PROJECT_VERSION = 1;
				DEVELOPMENT_TEAM = 6E5CFN69H5;
				GENERATE_INFOPLIST_FILE = YES;
				MACOSX_DEPLOYMENT_TARGET = 26.0;
				MARKETING_VERSION = 1.0;
				PRODUCT_BUNDLE_IDENTIFIER = "dderuntz.Choir-ArrangerTests";
				PRODUCT_NAME = "$(TARGET_NAME)";
				STRING_CATALOG_GENERATE_SYMBOLS = NO;
				SWIFT_APPROACHABLE_CONCURRENCY = YES;
				SWIFT_EMIT_LOC_STRINGS = NO;
				SWIFT_UPCOMING_FEATURE_MEMBER_IMPORT_VISIBILITY = YES;
				SWIFT_VERSION = 5.0;
				TEST_HOST = "$(BUILT_PRODUCTS_DIR)/Choir Arranger.app/$(BUNDLE_EXECUTABLE_FOLDER_PATH)/Choir Arranger";
			};
			name = Release;
		};
		9EF59DE12F3F9A9400DF09C6 /* Debug */ = {
			isa = XCBuildConfiguration;
			buildSettings = {
				CODE_SIGN_STYLE = Automatic;
				CURRENT_PROJECT_VERSION = 1;
				DEVELOPMENT_TEAM = 6E5CFN69H5;
				GENERATE_INFOPLIST_FILE = YES;
				MARKETING_VERSION = 1.0;
				PRODUCT_BUNDLE_IDENTIFIER = "dderuntz.Choir-ArrangerUITests";
				PRODUCT_NAME = "$(TARGET_NAME)";
				STRING_CATALOG_GENERATE_SYMBOLS = NO;
				SWIFT_APPROACHABLE_CONCURRENCY = YES;
				SWIFT_EMIT_LOC_STRINGS = NO;
				SWIFT_UPCOMING_FEATURE_MEMBER_IMPORT_VISIBILITY = YES;
				SWIFT_VERSION = 5.0;
				TEST_TARGET_NAME = "Choir Arranger";
			};
			name = Debug;
		};
		9EF59DE22F3F9A9400DF09C6 /* Release */ = {
			isa = XCBuildConfiguration;
			buildSettings = {
				CODE_SIGN_STYLE = Automatic;
				CURRENT_PROJECT_VERSION = 1;
				DEVELOPMENT_TEAM = 6E5CFN69H5;
				GENERATE_INFOPLIST_FILE = YES;
				MARKETING_VERSION = 1.0;
				PRODUCT_BUNDLE_IDENTIFIER = "dderuntz.Choir-ArrangerUITests";
				PRODUCT_NAME = "$(TARGET_NAME)";
				STRING_CATALOG_GENERATE_SYMBOLS = NO;
				SWIFT_APPROACHABLE_CONCURRENCY = YES;
				SWIFT_EMIT_LOC_STRINGS = NO;
				SWIFT_UPCOMING_FEATURE_MEMBER_IMPORT_VISIBILITY = YES;
				SWIFT_VERSION = 5.0;
				TEST_TARGET_NAME = "Choir Arranger";
			};
			name = Release;
		};
/* End XCBuildConfiguration section */

/* Begin XCConfigurationList section */
		9EF59DB42F3F9A9300DF09C6 /* Build configuration list for PBXProject "Choir Arranger" */ = {
			isa = XCConfigurationList;
			buildConfigurations = (
				9EF59DD82F3F9A9400DF09C6 /* Debug */,
				9EF59DD92F3F9A9400DF09C6 /* Release */,
			);
			defaultConfigurationIsVisible = 0;
			defaultConfigurationName = Release;
		};
		9EF59DDA2F3F9A9400DF09C6 /* Build configuration list for PBXNativeTarget "Choir Arranger" */ = {
			isa = XCConfigurationList;
			buildConfigurations = (
				9EF59DDB2F3F9A9400DF09C6 /* Debug */,
				9EF59DDC2F3F9A9400DF09C6 /* Release */,
			);
			defaultConfigurationIsVisible = 0;
			defaultConfigurationName = Release;
		};
		9EF59DDD2F3F9A9400DF09C6 /* Build configuration list for PBXNativeTarget "Choir ArrangerTests" */ = {
			isa = XCConfigurationList;
			buildConfigurations = (
				9EF59DDE2F3F9A9400DF09C6 /* Debug */,
				9EF59DDF2F3F9A9400DF09C6 /* Release */,
			);
			defaultConfigurationIsVisible = 0;
			defaultConfigurationName = Release;
		};
		9EF59DE02F3F9A9400DF09C6 /* Build configuration list for PBXNativeTarget "Choir ArrangerUITests" */ = {
			isa = XCConfigurationList;
			buildConfigurations = (
				9EF59DE12F3F9A9400DF09C6 /* Debug */,
				9EF59DE22F3F9A9400DF09C6 /* Release */,
			);
			defaultConfigurationIsVisible = 0;
			defaultConfigurationName = Release;
		};
/* End XCConfigurationList section */

/* Begin XCRemoteSwiftPackageReference section */
		9EF59E0B2F3F9C3A00DF09C6 /* XCRemoteSwiftPackageReference "MIDIKit" */ = {
			isa = XCRemoteSwiftPackageReference;
			repositoryURL = "https://github.com/orchetect/MIDIKit.git";
			requirement = {
				kind = upToNextMajorVersion;
				minimumVersion = 0.11.0;
			};
		};
		9EF59E112F3F9C9800DF09C6 /* XCRemoteSwiftPackageReference "swiftui-introspect" */ = {
			isa = XCRemoteSwiftPackageReference;
			repositoryURL = "https://github.com/siteline/swiftui-introspect";
			requirement = {
				kind = upToNextMajorVersion;
				minimumVersion = 26.0.0;
			};
		};
/* End XCRemoteSwiftPackageReference section */

/* Begin XCSwiftPackageProductDependency section */
		9EF59E0D2F3F9C9700DF09C6 /* MIDIKit */ = {
			isa = XCSwiftPackageProductDependency;
			package = 9EF59E0B2F3F9C3A00DF09C6 /* XCRemoteSwiftPackageReference "MIDIKit" */;
			productName = MIDIKit;
		};
		9EF59E0F2F3F9C9800DF09C6 /* SwiftUIIntrospect */ = {
			isa = XCSwiftPackageProductDependency;
			package = 9EF59E112F3F9C9800DF09C6 /* XCRemoteSwiftPackageReference "swiftui-introspect" */;
			productName = SwiftUIIntrospect;
		};
/* End XCSwiftPackageProductDependency section */
	};
	rootObject = 9EF59DB12F3F9A9300DF09C6 /* Project object */;
}
